
Microsoft Visual Studio Solution File, Format Version 12.00
# Visual Studio 15
VisualStudioVersion = 15.0.27703.2035
MinimumVisualStudioVersion = 10.0.40219.1
Project("{FAE04EC0-301F-11D3-BF4B-00C04F79EFBC}") = "WebApplication", "WebApplication2\WebApplication.csproj", "{A89EB048-8928-4891-91B5-FEFE8C1694D5}"
EndProject
Project("{FAE04EC0-301F-11D3-BF4B-00C04F79EFBC}") = "BLOG_Controller", "BLOG\BLOG_Controller.csproj", "{A4F52F31-6FED-4FB2-8F9B-6B68DA8F4FFB}"
EndProject
Project("{FAE04EC0-301F-11D3-BF4B-00C04F79EFBC}") = "BLOG_Model", "BLOG_Model\BLOG_Model.csproj", "{72EA80A8-B019-4E3F-BFBA-F5A0AC4D3A38}"
EndProject
Project("{FAE04EC0-301F-11D3-BF4B-00C04F79EFBC}") = "BLOG_ValueObject", "BLOG_ValueObject\BLOG_ValueObject.csproj", "{5FABC966-B159-4AB4-A809-F6799074F69A}"
EndProject
Global
	GlobalSection(SolutionConfigurationPlatforms) = preSolution
		Debug|Any CPU = Debug|Any CPU
		Release|Any CPU = Release|Any CPU
	EndGlobalSection
	GlobalSection(ProjectConfigurationPlatforms) = postSolution
		{A89EB048-8928-4891-91B5-FEFE8C1694D5}.Debug|Any CPU.ActiveCfg = Debug|Any CPU
		{A89EB048-8928-4891-91B5-FEFE8C1694D5}.Debug|Any CPU.Build.0 = Debug|Any CPU
		{A89EB048-8928-4891-91B5-FEFE8C1694D5}.Release|Any CPU.ActiveCfg = Release|Any CPU
		{A89EB048-8928-4891-91B5-FEFE8C1694D5}.Release|Any CPU.Build.0 = Release|Any CPU
		{A4F52F31-6FED-4FB2-8F9B-6B68DA8F4FFB}.Debug|Any CPU.ActiveCfg = Debug|Any CPU
		{A4F52F31-6FED-4FB2-8F9B-6B68DA8F4FFB}.Debug|Any CPU.Build.0 = Debug|Any CPU
		{A4F52F31-6FED-4FB2-8F9B-6B68DA8F4FFB}.Release|Any CPU.ActiveCfg = Release|Any CPU
		{A4F52F31-6FED-4FB2-8F9B-6B68DA8F4FFB}.Release|Any CPU.Build.0 = Release|Any CPU
		{72EA80A8-B019-4E3F-BFBA-F5A0AC4D3A38}.Debug|Any CPU.ActiveCfg = Debug|Any CPU
		{72EA80A8-B019-4E3F-BFBA-F5A0AC4D3A38}.Debug|Any CPU.Build.0 = Debug|Any CPU
		{72EA80A8-B019-4E3F-BFBA-F5A0AC4D3A38}.Release|Any CPU.ActiveCfg = Release|Any CPU
		{72EA80A8-B019-4E3F-BFBA-F5A0AC4D3A38}.Release|Any CPU.Build.0 = Release|Any CPU
		{5FABC966-B159-4AB4-A809-F6799074F69A}.Debug|Any CPU.ActiveCfg = Debug|Any CPU
		{5FABC966-B159-4AB4-A809-F6799074F69A}.Debug|Any CPU.Build.0 = Debug|Any CPU
		{5FABC966-B159-4AB4-A809-F6799074F69A}.Release|Any CPU.ActiveCfg = Release|Any CPU
		{5FABC966-B159-4AB4-A809-F6799074F69A}.Release|Any CPU.Build.0 = Release|Any CPU
	EndGlobalSection
	GlobalSection(SolutionProperties) = preSolution
		HideSolutionNode = FALSE
	EndGlobalSection
	GlobalSection(ExtensibilityGlobals) = postSolution
		SolutionGuid = {8BBC2405-C543-40B6-B112-349BF2FC67DE}
	EndGlobalSection
EndGlobal
